// !$*UTF8*$!
{
	archiveVersion = 1;
	classes = {
	};
	objectVersion = 48;
	objects = {

/* Begin PBXBuildFile section */
		9C04529A1F999DEF0034AAAE /* ZZSignHelpView.m in Sources */ = {isa = PBXBuildFile; fileRef = 9C0452981F999DEF0034AAAE /* ZZSignHelpView.m */; };
		9C04529B1F999DEF0034AAAE /* ZZSignHelpView.xib in Resources */ = {isa = PBXBuildFile; fileRef = 9C0452991F999DEF0034AAAE /* ZZSignHelpView.xib */; };
		9C04529F1F99A5140034AAAE /* ZZDrawView.m in Sources */ = {isa = PBXBuildFile; fileRef = 9C04529D1F99A5140034AAAE /* ZZDrawView.m */; };
		9C0452A01F99A5140034AAAE /* ZZDrawView.xib in Resources */ = {isa = PBXBuildFile; fileRef = 9C04529E1F99A5140034AAAE /* ZZDrawView.xib */; };
		9C07BFEB1F998AC700255CA8 /* ZZSignInVC.m in Sources */ = {isa = PBXBuildFile; fileRef = 9C07BFEA1F998AC700255CA8 /* ZZSignInVC.m */; };
		9C07BFEE1F998AEF00255CA8 /* ZZSignInHeaderIV.m in Sources */ = {isa = PBXBuildFile; fileRef = 9C07BFED1F998AEF00255CA8 /* ZZSignInHeaderIV.m */; };
		9C07BFF01F998B9E00255CA8 /* temp.jpeg in Resources */ = {isa = PBXBuildFile; fileRef = 9C07BFEF1F998B9E00255CA8 /* temp.jpeg */; };
		9C07BFF21F998D1800255CA8 /* header.jpg in Resources */ = {isa = PBXBuildFile; fileRef = 9C07BFF11F998D1800255CA8 /* header.jpg */; };
		9C07BFF81F99918F00255CA8 /* ZZBaseView.m in Sources */ = {isa = PBXBuildFile; fileRef = 9C07BFF71F99918F00255CA8 /* ZZBaseView.m */; };
		9C07BFFC1F99965800255CA8 /* ZZSignView.m in Sources */ = {isa = PBXBuildFile; fileRef = 9C07BFFA1F99965800255CA8 /* ZZSignView.m */; };
		9C07BFFD1F99965800255CA8 /* ZZSignView.xib in Resources */ = {isa = PBXBuildFile; fileRef = 9C07BFFB1F99965800255CA8 /* ZZSignView.xib */; };
		9C279E451F986E8500FBCC96 /* AppDelegate.m in Sources */ = {isa = PBXBuildFile; fileRef = 9C279E441F986E8500FBCC96 /* AppDelegate.m */; };
		9C279E4B1F986E8500FBCC96 /* Main.storyboard in Resources */ = {isa = PBXBuildFile; fileRef = 9C279E491F986E8500FBCC96 /* Main.storyboard */; };
		9C279E4D1F986E8500FBCC96 /* Assets.xcassets in Resources */ = {isa = PBXBuildFile; fileRef = 9C279E4C1F986E8500FBCC96 /* Assets.xcassets */; };
		9C279E501F986E8500FBCC96 /* LaunchScreen.storyboard in Resources */ = {isa = PBXBuildFile; fileRef = 9C279E4E1F986E8500FBCC96 /* LaunchScreen.storyboard */; };
		9C279E531F986E8500FBCC96 /* main.m in Sources */ = {isa = PBXBuildFile; fileRef = 9C279E521F986E8500FBCC96 /* main.m */; };
		9C279E5F1F98757B00FBCC96 /* FunctionList.plist in Resources */ = {isa = PBXBuildFile; fileRef = 9C279E5E1F98757B00FBCC96 /* FunctionList.plist */; };
		9C279E621F9875BD00FBCC96 /* ZZBaseTableViewController.m in Sources */ = {isa = PBXBuildFile; fileRef = 9C279E611F9875BD00FBCC96 /* ZZBaseTableViewController.m */; };
		9C279E651F9875CD00FBCC96 /* ZZBaseViewController.m in Sources */ = {isa = PBXBuildFile; fileRef = 9C279E641F9875CD00FBCC96 /* ZZBaseViewController.m */; };
		9C279E681F9875EF00FBCC96 /* ZZBaseNavigationController.m in Sources */ = {isa = PBXBuildFile; fileRef = 9C279E671F9875EF00FBCC96 /* ZZBaseNavigationController.m */; };
		9C279E6B1F98760F00FBCC96 /* ZZRootTBVC.m in Sources */ = {isa = PBXBuildFile; fileRef = 9C279E6A1F98760F00FBCC96 /* ZZRootTBVC.m */; };
		9C279E6E1F9880D100FBCC96 /* ZZTableVC.m in Sources */ = {isa = PBXBuildFile; fileRef = 9C279E6D1F9880D100FBCC96 /* ZZTableVC.m */; };
		9C279E751F9888BB00FBCC96 /* ZZFundRecordVC.m in Sources */ = {isa = PBXBuildFile; fileRef = 9C279E741F9888BB00FBCC96 /* ZZFundRecordVC.m */; };
		9C279E781F9889F100FBCC96 /* ZZFundHeaderView.m in Sources */ = {isa = PBXBuildFile; fileRef = 9C279E771F9889F100FBCC96 /* ZZFundHeaderView.m */; };
		9C279E7B1F98A11200FBCC96 /* ZZFundRecordCell.m in Sources */ = {isa = PBXBuildFile; fileRef = 9C279E7A1F98A11200FBCC96 /* ZZFundRecordCell.m */; };
		9C529EF11F99DAB8009457E8 /* ZZFlipAnimatoinViewController.m in Sources */ = {isa = PBXBuildFile; fileRef = 9C529EEF1F99DAB8009457E8 /* ZZFlipAnimatoinViewController.m */; };
		9C529EF21F99DAB8009457E8 /* ZZFlipAnimatoinViewController.xib in Resources */ = {isa = PBXBuildFile; fileRef = 9C529EF01F99DAB8009457E8 /* ZZFlipAnimatoinViewController.xib */; };
		9C529EFA1F99F819009457E8 /* ZZTFViewController.m in Sources */ = {isa = PBXBuildFile; fileRef = 9C529EF81F99F819009457E8 /* ZZTFViewController.m */; };
		9C529EFB1F99F819009457E8 /* ZZTFViewController.xib in Resources */ = {isa = PBXBuildFile; fileRef = 9C529EF91F99F819009457E8 /* ZZTFViewController.xib */; };
		AE848625BF5139EE1975885F /* libPods-ZhiZaiDemo.a in Frameworks */ = {isa = PBXBuildFile; fileRef = 7AEC10180653BA56CD4EBC7A /* libPods-ZhiZaiDemo.a */; };
/* End PBXBuildFile section */

/* Begin PBXFileReference section */
		59D1BB169CE6014CB949A3E1 /* Pods-ZhiZaiDemo.debug.xcconfig */ = {isa = PBXFileReference; includeInIndex = 1; lastKnownFileType = text.xcconfig; name = "Pods-ZhiZaiDemo.debug.xcconfig"; path = "Pods/Target Support Files/Pods-ZhiZaiDemo/Pods-ZhiZaiDemo.debug.xcconfig"; sourceTree = "<group>"; };
		7AEC10180653BA56CD4EBC7A /* libPods-ZhiZaiDemo.a */ = {isa = PBXFileReference; explicitFileType = archive.ar; includeInIndex = 0; path = "libPods-ZhiZaiDemo.a"; sourceTree = BUILT_PRODUCTS_DIR; };
		9C0452971F999DEF0034AAAE /* ZZSignHelpView.h */ = {isa = PBXFileReference; lastKnownFileType = sourcecode.c.h; path = ZZSignHelpView.h; sourceTree = "<group>"; };
		9C0452981F999DEF0034AAAE /* ZZSignHelpView.m */ = {isa = PBXFileReference; lastKnownFileType = sourcecode.c.objc; path = ZZSignHelpView.m; sourceTree = "<group>"; };
		9C0452991F999DEF0034AAAE /* ZZSignHelpView.xib */ = {isa = PBXFileReference; lastKnownFileType = file.xib; path = ZZSignHelpView.xib; sourceTree = "<group>"; };
		9C04529C1F99A5140034AAAE /* ZZDrawView.h */ = {isa = PBXFileReference; lastKnownFileType = sourcecode.c.h; path = ZZDrawView.h; sourceTree = "<group>"; };
		9C04529D1F99A5140034AAAE /* ZZDrawView.m */ = {isa = PBXFileReference; lastKnownFileType = sourcecode.c.objc; path = ZZDrawView.m; sourceTree = "<group>"; };
		9C04529E1F99A5140034AAAE /* ZZDrawView.xib */ = {isa = PBXFileReference; lastKnownFileType = file.xib; path = ZZDrawView.xib; sourceTree = "<group>"; };
		9C07BFE41F9986BE00255CA8 /* ZhiZaiDemo.pch */ = {isa = PBXFileReference; lastKnownFileType = sourcecode.c.h; path = ZhiZaiDemo.pch; sourceTree = "<group>"; };
		9C07BFE91F998AC700255CA8 /* ZZSignInVC.h */ = {isa = PBXFileReference; lastKnownFileType = sourcecode.c.h; path = ZZSignInVC.h; sourceTree = "<group>"; };
		9C07BFEA1F998AC700255CA8 /* ZZSignInVC.m */ = {isa = PBXFileReference; lastKnownFileType = sourcecode.c.objc; path = ZZSignInVC.m; sourceTree = "<group>"; };
		9C07BFEC1F998AEF00255CA8 /* ZZSignInHeaderIV.h */ = {isa = PBXFileReference; lastKnownFileType = sourcecode.c.h; path = ZZSignInHeaderIV.h; sourceTree = "<group>"; };
		9C07BFED1F998AEF00255CA8 /* ZZSignInHeaderIV.m */ = {isa = PBXFileReference; lastKnownFileType = sourcecode.c.objc; path = ZZSignInHeaderIV.m; sourceTree = "<group>"; };
		9C07BFEF1F998B9E00255CA8 /* temp.jpeg */ = {isa = PBXFileReference; lastKnownFileType = image.jpeg; path = temp.jpeg; sourceTree = "<group>"; };
		9C07BFF11F998D1800255CA8 /* header.jpg */ = {isa = PBXFileReference; lastKnownFileType = image.jpeg; path = header.jpg; sourceTree = "<group>"; };
		9C07BFF61F99918F00255CA8 /* ZZBaseView.h */ = {isa = PBXFileReference; lastKnownFileType = sourcecode.c.h; path = ZZBaseView.h; sourceTree = "<group>"; };
		9C07BFF71F99918F00255CA8 /* ZZBaseView.m */ = {isa = PBXFileReference; lastKnownFileType = sourcecode.c.objc; path = ZZBaseView.m; sourceTree = "<group>"; };
		9C07BFF91F99965800255CA8 /* ZZSignView.h */ = {isa = PBXFileReference; lastKnownFileType = sourcecode.c.h; path = ZZSignView.h; sourceTree = "<group>"; };
		9C07BFFA1F99965800255CA8 /* ZZSignView.m */ = {isa = PBXFileReference; lastKnownFileType = sourcecode.c.objc; path = ZZSignView.m; sourceTree = "<group>"; };
		9C07BFFB1F99965800255CA8 /* ZZSignView.xib */ = {isa = PBXFileReference; lastKnownFileType = file.xib; path = ZZSignView.xib; sourceTree = "<group>"; };
		9C279E401F986E8500FBCC96 /* ZhiZaiDemo.app */ = {isa = PBXFileReference; explicitFileType = wrapper.application; includeInIndex = 0; path = ZhiZaiDemo.app; sourceTree = BUILT_PRODUCTS_DIR; };
		9C279E431F986E8500FBCC96 /* AppDelegate.h */ = {isa = PBXFileReference; lastKnownFileType = sourcecode.c.h; path = AppDelegate.h; sourceTree = "<group>"; };
		9C279E441F986E8500FBCC96 /* AppDelegate.m */ = {isa = PBXFileReference; lastKnownFileType = sourcecode.c.objc; path = AppDelegate.m; sourceTree = "<group>"; };
		9C279E4A1F986E8500FBCC96 /* Base */ = {isa = PBXFileReference; lastKnownFileType = file.storyboard; name = Base; path = Base.lproj/Main.storyboard; sourceTree = "<group>"; };
		9C279E4C1F986E8500FBCC96 /* Assets.xcassets */ = {isa = PBXFileReference; lastKnownFileType = folder.assetcatalog; path = Assets.xcassets; sourceTree = "<group>"; };
		9C279E4F1F986E8500FBCC96 /* Base */ = {isa = PBXFileReference; lastKnownFileType = file.storyboard; name = Base; path = Base.lproj/LaunchScreen.storyboard; sourceTree = "<group>"; };
		9C279E511F986E8500FBCC96 /* Info.plist */ = {isa = PBXFileReference; lastKnownFileType = text.plist.xml; path = Info.plist; sourceTree = "<group>"; };
		9C279E521F986E8500FBCC96 /* main.m */ = {isa = PBXFileReference; lastKnownFileType = sourcecode.c.objc; path = main.m; sourceTree = "<group>"; };
		9C279E5E1F98757B00FBCC96 /* FunctionList.plist */ = {isa = PBXFileReference; lastKnownFileType = text.plist.xml; path = FunctionList.plist; sourceTree = "<group>"; };
		9C279E601F9875BD00FBCC96 /* ZZBaseTableViewController.h */ = {isa = PBXFileReference; lastKnownFileType = sourcecode.c.h; path = ZZBaseTableViewController.h; sourceTree = "<group>"; };
		9C279E611F9875BD00FBCC96 /* ZZBaseTableViewController.m */ = {isa = PBXFileReference; lastKnownFileType = sourcecode.c.objc; path = ZZBaseTableViewController.m; sourceTree = "<group>"; };
		9C279E631F9875CD00FBCC96 /* ZZBaseViewController.h */ = {isa = PBXFileReference; lastKnownFileType = sourcecode.c.h; path = ZZBaseViewController.h; sourceTree = "<group>"; };
		9C279E641F9875CD00FBCC96 /* ZZBaseViewController.m */ = {isa = PBXFileReference; lastKnownFileType = sourcecode.c.objc; path = ZZBaseViewController.m; sourceTree = "<group>"; };
		9C279E661F9875EF00FBCC96 /* ZZBaseNavigationController.h */ = {isa = PBXFileReference; lastKnownFileType = sourcecode.c.h; path = ZZBaseNavigationController.h; sourceTree = "<group>"; };
		9C279E671F9875EF00FBCC96 /* ZZBaseNavigationController.m */ = {isa = PBXFileReference; lastKnownFileType = sourcecode.c.objc; path = ZZBaseNavigationController.m; sourceTree = "<group>"; };
		9C279E691F98760F00FBCC96 /* ZZRootTBVC.h */ = {isa = PBXFileReference; lastKnownFileType = sourcecode.c.h; path = ZZRootTBVC.h; sourceTree = "<group>"; };
		9C279E6A1F98760F00FBCC96 /* ZZRootTBVC.m */ = {isa = PBXFileReference; lastKnownFileType = sourcecode.c.objc; path = ZZRootTBVC.m; sourceTree = "<group>"; };
		9C279E6C1F9880D100FBCC96 /* ZZTableVC.h */ = {isa = PBXFileReference; lastKnownFileType = sourcecode.c.h; path = ZZTableVC.h; sourceTree = "<group>"; };
		9C279E6D1F9880D100FBCC96 /* ZZTableVC.m */ = {isa = PBXFileReference; lastKnownFileType = sourcecode.c.objc; path = ZZTableVC.m; sourceTree = "<group>"; };
		9C279E731F9888BB00FBCC96 /* ZZFundRecordVC.h */ = {isa = PBXFileReference; lastKnownFileType = sourcecode.c.h; path = ZZFundRecordVC.h; sourceTree = "<group>"; };
		9C279E741F9888BB00FBCC96 /* ZZFundRecordVC.m */ = {isa = PBXFileReference; lastKnownFileType = sourcecode.c.objc; path = ZZFundRecordVC.m; sourceTree = "<group>"; };
		9C279E761F9889F100FBCC96 /* ZZFundHeaderView.h */ = {isa = PBXFileReference; lastKnownFileType = sourcecode.c.h; path = ZZFundHeaderView.h; sourceTree = "<group>"; };
		9C279E771F9889F100FBCC96 /* ZZFundHeaderView.m */ = {isa = PBXFileReference; lastKnownFileType = sourcecode.c.objc; path = ZZFundHeaderView.m; sourceTree = "<group>"; };
		9C279E791F98A11200FBCC96 /* ZZFundRecordCell.h */ = {isa = PBXFileReference; lastKnownFileType = sourcecode.c.h; path = ZZFundRecordCell.h; sourceTree = "<group>"; };
		9C279E7A1F98A11200FBCC96 /* ZZFundRecordCell.m */ = {isa = PBXFileReference; lastKnownFileType = sourcecode.c.objc; path = ZZFundRecordCell.m; sourceTree = "<group>"; };
		9C529EEE1F99DAB8009457E8 /* ZZFlipAnimatoinViewController.h */ = {isa = PBXFileReference; lastKnownFileType = sourcecode.c.h; path = ZZFlipAnimatoinViewController.h; sourceTree = "<group>"; };
		9C529EEF1F99DAB8009457E8 /* ZZFlipAnimatoinViewController.m */ = {isa = PBXFileReference; lastKnownFileType = sourcecode.c.objc; path = ZZFlipAnimatoinViewController.m; sourceTree = "<group>"; };
		9C529EF01F99DAB8009457E8 /* ZZFlipAnimatoinViewController.xib */ = {isa = PBXFileReference; lastKnownFileType = file.xib; path = ZZFlipAnimatoinViewController.xib; sourceTree = "<group>"; };
		9C529EF71F99F819009457E8 /* ZZTFViewController.h */ = {isa = PBXFileReference; lastKnownFileType = sourcecode.c.h; path = ZZTFViewController.h; sourceTree = "<group>"; };
		9C529EF81F99F819009457E8 /* ZZTFViewController.m */ = {isa = PBXFileReference; lastKnownFileType = sourcecode.c.objc; path = ZZTFViewController.m; sourceTree = "<group>"; };
		9C529EF91F99F819009457E8 /* ZZTFViewController.xib */ = {isa = PBXFileReference; lastKnownFileType = file.xib; path = ZZTFViewController.xib; sourceTree = "<group>"; };
		E62C7B2C083A0BF02CA5BF00 /* Pods-ZhiZaiDemo.release.xcconfig */ = {isa = PBXFileReference; includeInIndex = 1; lastKnownFileType = text.xcconfig; name = "Pods-ZhiZaiDemo.release.xcconfig"; path = "Pods/Target Support Files/Pods-ZhiZaiDemo/Pods-ZhiZaiDemo.release.xcconfig"; sourceTree = "<group>"; };
/* End PBXFileReference section */

/* Begin PBXFrameworksBuildPhase section */
		9C279E3D1F986E8500FBCC96 /* Frameworks */ = {
			isa = PBXFrameworksBuildPhase;
			buildActionMask = 2147483647;
			files = (
				AE848625BF5139EE1975885F /* libPods-ZhiZaiDemo.a in Frameworks */,
			);
			runOnlyForDeploymentPostprocessing = 0;
		};
/* End PBXFrameworksBuildPhase section */

/* Begin PBXGroup section */
		8205F54DA5F42ABC36883490 /* Pods */ = {
			isa = PBXGroup;
			children = (
				59D1BB169CE6014CB949A3E1 /* Pods-ZhiZaiDemo.debug.xcconfig */,
				E62C7B2C083A0BF02CA5BF00 /* Pods-ZhiZaiDemo.release.xcconfig */,
			);
			name = Pods;
			sourceTree = "<group>";
		};
		9C07BFE51F998A7D00255CA8 /* SignInPerDay */ = {
			isa = PBXGroup;
			children = (
				9C07BFE61F998A7D00255CA8 /* Controller */,
				9C07BFE71F998A7D00255CA8 /* Model */,
				9C07BFE81F998A7D00255CA8 /* View */,
			);
			path = SignInPerDay;
			sourceTree = "<group>";
		};
		9C07BFE61F998A7D00255CA8 /* Controller */ = {
			isa = PBXGroup;
			children = (
				9C07BFE91F998AC700255CA8 /* ZZSignInVC.h */,
				9C07BFEA1F998AC700255CA8 /* ZZSignInVC.m */,
			);
			path = Controller;
			sourceTree = "<group>";
		};
		9C07BFE71F998A7D00255CA8 /* Model */ = {
			isa = PBXGroup;
			children = (
			);
			path = Model;
			sourceTree = "<group>";
		};
		9C07BFE81F998A7D00255CA8 /* View */ = {
			isa = PBXGroup;
			children = (
				9C07BFEC1F998AEF00255CA8 /* ZZSignInHeaderIV.h */,
				9C07BFED1F998AEF00255CA8 /* ZZSignInHeaderIV.m */,
				9C07BFF91F99965800255CA8 /* ZZSignView.h */,
				9C07BFFA1F99965800255CA8 /* ZZSignView.m */,
				9C07BFFB1F99965800255CA8 /* ZZSignView.xib */,
				9C0452971F999DEF0034AAAE /* ZZSignHelpView.h */,
				9C0452981F999DEF0034AAAE /* ZZSignHelpView.m */,
				9C0452991F999DEF0034AAAE /* ZZSignHelpView.xib */,
				9C04529C1F99A5140034AAAE /* ZZDrawView.h */,
				9C04529D1F99A5140034AAAE /* ZZDrawView.m */,
				9C04529E1F99A5140034AAAE /* ZZDrawView.xib */,
			);
			path = View;
			sourceTree = "<group>";
		};
		9C279E371F986E8500FBCC96 = {
			isa = PBXGroup;
			children = (
				9C279E421F986E8500FBCC96 /* ZhiZaiDemo */,
				9C279E411F986E8500FBCC96 /* Products */,
				8205F54DA5F42ABC36883490 /* Pods */,
				A4441E32A93655BDC035AF40 /* Frameworks */,
			);
			sourceTree = "<group>";
		};
		9C279E411F986E8500FBCC96 /* Products */ = {
			isa = PBXGroup;
			children = (
				9C279E401F986E8500FBCC96 /* ZhiZaiDemo.app */,
			);
			name = Products;
			sourceTree = "<group>";
		};
		9C279E421F986E8500FBCC96 /* ZhiZaiDemo */ = {
			isa = PBXGroup;
			children = (
				9C529EF31F99F808009457E8 /* FVFTF */,
				9C07BFE51F998A7D00255CA8 /* SignInPerDay */,
				9C529EEA1F99DA7E009457E8 /* FlipAnimation */,
				9C279E6F1F98889000FBCC96 /* FundRecord */,
				9C279E5D1F98754300FBCC96 /* Sources */,
				9C279E591F98751600FBCC96 /* BaseClass */,
				9C279E431F986E8500FBCC96 /* AppDelegate.h */,
				9C279E441F986E8500FBCC96 /* AppDelegate.m */,
				9C279E491F986E8500FBCC96 /* Main.storyboard */,
				9C279E4C1F986E8500FBCC96 /* Assets.xcassets */,
				9C279E4E1F986E8500FBCC96 /* LaunchScreen.storyboard */,
				9C279E511F986E8500FBCC96 /* Info.plist */,
				9C279E521F986E8500FBCC96 /* main.m */,
				9C279E691F98760F00FBCC96 /* ZZRootTBVC.h */,
				9C279E6A1F98760F00FBCC96 /* ZZRootTBVC.m */,
			);
			path = ZhiZaiDemo;
			sourceTree = "<group>";
		};
		9C279E591F98751600FBCC96 /* BaseClass */ = {
			isa = PBXGroup;
			children = (
				9C279E5A1F98751600FBCC96 /* Controller */,
				9C279E5B1F98751600FBCC96 /* Model */,
				9C279E5C1F98751600FBCC96 /* View */,
			);
			path = BaseClass;
			sourceTree = "<group>";
		};
		9C279E5A1F98751600FBCC96 /* Controller */ = {
			isa = PBXGroup;
			children = (
				9C279E601F9875BD00FBCC96 /* ZZBaseTableViewController.h */,
				9C279E611F9875BD00FBCC96 /* ZZBaseTableViewController.m */,
				9C279E631F9875CD00FBCC96 /* ZZBaseViewController.h */,
				9C279E641F9875CD00FBCC96 /* ZZBaseViewController.m */,
				9C279E661F9875EF00FBCC96 /* ZZBaseNavigationController.h */,
				9C279E671F9875EF00FBCC96 /* ZZBaseNavigationController.m */,
				9C279E6C1F9880D100FBCC96 /* ZZTableVC.h */,
				9C279E6D1F9880D100FBCC96 /* ZZTableVC.m */,
				9C07BFF61F99918F00255CA8 /* ZZBaseView.h */,
				9C07BFF71F99918F00255CA8 /* ZZBaseView.m */,
			);
			path = Controller;
			sourceTree = "<group>";
		};
		9C279E5B1F98751600FBCC96 /* Model */ = {
			isa = PBXGroup;
			children = (
			);
			path = Model;
			sourceTree = "<group>";
		};
		9C279E5C1F98751600FBCC96 /* View */ = {
			isa = PBXGroup;
			children = (
			);
			path = View;
			sourceTree = "<group>";
		};
		9C279E5D1F98754300FBCC96 /* Sources */ = {
			isa = PBXGroup;
			children = (
				9C07BFF11F998D1800255CA8 /* header.jpg */,
				9C07BFEF1F998B9E00255CA8 /* temp.jpeg */,
				9C279E5E1F98757B00FBCC96 /* FunctionList.plist */,
				9C07BFE41F9986BE00255CA8 /* ZhiZaiDemo.pch */,
			);
			path = Sources;
			sourceTree = "<group>";
		};
		9C279E6F1F98889000FBCC96 /* FundRecord */ = {
			isa = PBXGroup;
			children = (
				9C279E701F98889000FBCC96 /* Controller */,
				9C279E711F98889000FBCC96 /* Model */,
				9C279E721F98889000FBCC96 /* View */,
			);
			path = FundRecord;
			sourceTree = "<group>";
		};
		9C279E701F98889000FBCC96 /* Controller */ = {
			isa = PBXGroup;
			children = (
				9C279E731F9888BB00FBCC96 /* ZZFundRecordVC.h */,
				9C279E741F9888BB00FBCC96 /* ZZFundRecordVC.m */,
			);
			path = Controller;
			sourceTree = "<group>";
		};
		9C279E711F98889000FBCC96 /* Model */ = {
			isa = PBXGroup;
			children = (
			);
			path = Model;
			sourceTree = "<group>";
		};
		9C279E721F98889000FBCC96 /* View */ = {
			isa = PBXGroup;
			children = (
				9C279E761F9889F100FBCC96 /* ZZFundHeaderView.h */,
				9C279E771F9889F100FBCC96 /* ZZFundHeaderView.m */,
				9C279E791F98A11200FBCC96 /* ZZFundRecordCell.h */,
				9C279E7A1F98A11200FBCC96 /* ZZFundRecordCell.m */,
			);
			path = View;
			sourceTree = "<group>";
		};
		9C529EEA1F99DA7E009457E8 /* FlipAnimation */ = {
			isa = PBXGroup;
			children = (
				9C529EEB1F99DA7E009457E8 /* Controller */,
				9C529EEC1F99DA7E009457E8 /* Model */,
				9C529EED1F99DA7E009457E8 /* View */,
			);
			path = FlipAnimation;
			sourceTree = "<group>";
		};
		9C529EEB1F99DA7E009457E8 /* Controller */ = {
			isa = PBXGroup;
			children = (
				9C529EEE1F99DAB8009457E8 /* ZZFlipAnimatoinViewController.h */,
				9C529EEF1F99DAB8009457E8 /* ZZFlipAnimatoinViewController.m */,
				9C529EF01F99DAB8009457E8 /* ZZFlipAnimatoinViewController.xib */,
			);
			path = Controller;
			sourceTree = "<group>";
		};
		9C529EEC1F99DA7E009457E8 /* Model */ = {
			isa = PBXGroup;
			children = (
			);
			path = Model;
			sourceTree = "<group>";
		};
		9C529EED1F99DA7E009457E8 /* View */ = {
			isa = PBXGroup;
			children = (
			);
			path = View;
			sourceTree = "<group>";
		};
		9C529EF31F99F808009457E8 /* FVFTF */ = {
			isa = PBXGroup;
			children = (
				9C529EF41F99F808009457E8 /* Controller */,
				9C529EF51F99F808009457E8 /* Model */,
				9C529EF61F99F808009457E8 /* View */,
			);
			path = FVFTF;
			sourceTree = "<group>";
		};
		9C529EF41F99F808009457E8 /* Controller */ = {
			isa = PBXGroup;
			children = (
				9C529EF71F99F819009457E8 /* ZZTFViewController.h */,
				9C529EF81F99F819009457E8 /* ZZTFViewController.m */,
				9C529EF91F99F819009457E8 /* ZZTFViewController.xib */,
			);
			path = Controller;
			sourceTree = "<group>";
		};
		9C529EF51F99F808009457E8 /* Model */ = {
			isa = PBXGroup;
			children = (
			);
			path = Model;
			sourceTree = "<group>";
		};
		9C529EF61F99F808009457E8 /* View */ = {
			isa = PBXGroup;
			children = (
			);
			path = View;
			sourceTree = "<group>";
		};
		A4441E32A93655BDC035AF40 /* Frameworks */ = {
			isa = PBXGroup;
			children = (
				7AEC10180653BA56CD4EBC7A /* libPods-ZhiZaiDemo.a */,
			);
			name = Frameworks;
			sourceTree = "<group>";
		};
/* End PBXGroup section */

/* Begin PBXNativeTarget section */
		9C279E3F1F986E8500FBCC96 /* ZhiZaiDemo */ = {
			isa = PBXNativeTarget;
			buildConfigurationList = 9C279E561F986E8500FBCC96 /* Build configuration list for PBXNativeTarget "ZhiZaiDemo" */;
			buildPhases = (
				63EFB2AA97E4D6C70B1EECF5 /* [CP] Check Pods Manifest.lock */,
				9C279E3C1F986E8500FBCC96 /* Sources */,
				9C279E3D1F986E8500FBCC96 /* Frameworks */,
				9C279E3E1F986E8500FBCC96 /* Resources */,
				FA297BF4CB74CC1FD3DF1CCD /* [CP] Embed Pods Frameworks */,
				24927CE7B5C6B3B202BA34A9 /* [CP] Copy Pods Resources */,
			);
			buildRules = (
			);
			dependencies = (
			);
			name = ZhiZaiDemo;
			productName = ZhiZaiDemo;
			productReference = 9C279E401F986E8500FBCC96 /* ZhiZaiDemo.app */;
			productType = "com.apple.product-type.application";
		};
/* End PBXNativeTarget section */

/* Begin PBXProject section */
		9C279E381F986E8500FBCC96 /* Project object */ = {
			isa = PBXProject;
			attributes = {
				CLASSPREFIX = ZZ;
				LastUpgradeCheck = 0900;
				ORGANIZATIONNAME = wangzhangchuan;
				TargetAttributes = {
					9C279E3F1F986E8500FBCC96 = {
						CreatedOnToolsVersion = 9.0.1;
						ProvisioningStyle = Automatic;
					};
				};
			};
			buildConfigurationList = 9C279E3B1F986E8500FBCC96 /* Build configuration list for PBXProject "ZhiZaiDemo" */;
			compatibilityVersion = "Xcode 8.0";
			developmentRegion = en;
			hasScannedForEncodings = 0;
			knownRegions = (
				en,
				Base,
			);
			mainGroup = 9C279E371F986E8500FBCC96;
			productRefGroup = 9C279E411F986E8500FBCC96 /* Products */;
			projectDirPath = "";
			projectRoot = "";
			targets = (
				9C279E3F1F986E8500FBCC96 /* ZhiZaiDemo */,
			);
		};
/* End PBXProject section */

/* Begin PBXResourcesBuildPhase section */
		9C279E3E1F986E8500FBCC96 /* Resources */ = {
			isa = PBXResourcesBuildPhase;
			buildActionMask = 2147483647;
			files = (
				9C529EF21F99DAB8009457E8 /* ZZFlipAnimatoinViewController.xib in Resources */,
				9C07BFF01F998B9E00255CA8 /* temp.jpeg in Resources */,
				9C279E501F986E8500FBCC96 /* LaunchScreen.storyboard in Resources */,
				9C07BFF21F998D1800255CA8 /* header.jpg in Resources */,
				9C07BFFD1F99965800255CA8 /* ZZSignView.xib in Resources */,
				9C04529B1F999DEF0034AAAE /* ZZSignHelpView.xib in Resources */,
				9C529EFB1F99F819009457E8 /* ZZTFViewController.xib in Resources */,
				9C279E4D1F986E8500FBCC96 /* Assets.xcassets in Resources */,
				9C279E5F1F98757B00FBCC96 /* FunctionList.plist in Resources */,
				9C279E4B1F986E8500FBCC96 /* Main.storyboard in Resources */,
				9C0452A01F99A5140034AAAE /* ZZDrawView.xib in Resources */,
			);
			runOnlyForDeploymentPostprocessing = 0;
		};
/* End PBXResourcesBuildPhase section */

/* Begin PBXShellScriptBuildPhase section */
		24927CE7B5C6B3B202BA34A9 /* [CP] Copy Pods Resources */ = {
			isa = PBXShellScriptBuildPhase;
			buildActionMask = 2147483647;
			files = (
			);
			inputPaths = (
			);
			name = "[CP] Copy Pods Resources";
			outputPaths = (
			);
			runOnlyForDeploymentPostprocessing = 0;
			shellPath = /bin/sh;
			shellScript = "\"${SRCROOT}/Pods/Target Support Files/Pods-ZhiZaiDemo/Pods-ZhiZaiDemo-resources.sh\"\n";
			showEnvVarsInLog = 0;
		};
		63EFB2AA97E4D6C70B1EECF5 /* [CP] Check Pods Manifest.lock */ = {
			isa = PBXShellScriptBuildPhase;
			buildActionMask = 2147483647;
			files = (
			);
			inputPaths = (
			);
			name = "[CP] Check Pods Manifest.lock";
			outputPaths = (
			);
			runOnlyForDeploymentPostprocessing = 0;
			shellPath = /bin/sh;
			shellScript = "diff \"${PODS_PODFILE_DIR_PATH}/Podfile.lock\" \"${PODS_ROOT}/Manifest.lock\" > /dev/null\nif [ $? != 0 ] ; then\n    # print error to STDERR\n    echo \"error: The sandbox is not in sync with the Podfile.lock. Run 'pod install' or update your CocoaPods installation.\" >&2\n    exit 1\nfi\n";
			showEnvVarsInLog = 0;
		};
		FA297BF4CB74CC1FD3DF1CCD /* [CP] Embed Pods Frameworks */ = {
			isa = PBXShellScriptBuildPhase;
			buildActionMask = 2147483647;
			files = (
			);
			inputPaths = (
			);
			name = "[CP] Embed Pods Frameworks";
			outputPaths = (
			);
			runOnlyForDeploymentPostprocessing = 0;
			shellPath = /bin/sh;
			shellScript = "\"${SRCROOT}/Pods/Target Support Files/Pods-ZhiZaiDemo/Pods-ZhiZaiDemo-frameworks.sh\"\n";
			showEnvVarsInLog = 0;
		};
/* End PBXShellScriptBuildPhase section */

/* Begin PBXSourcesBuildPhase section */
		9C279E3C1F986E8500FBCC96 /* Sources */ = {
			isa = PBXSourcesBuildPhase;
			buildActionMask = 2147483647;
			files = (
				9C04529A1F999DEF0034AAAE /* ZZSignHelpView.m in Sources */,
				9C279E531F986E8500FBCC96 /* main.m in Sources */,
				9C07BFF81F99918F00255CA8 /* ZZBaseView.m in Sources */,
				9C279E7B1F98A11200FBCC96 /* ZZFundRecordCell.m in Sources */,
				9C04529F1F99A5140034AAAE /* ZZDrawView.m in Sources */,
				9C07BFEB1F998AC700255CA8 /* ZZSignInVC.m in Sources */,
				9C279E681F9875EF00FBCC96 /* ZZBaseNavigationController.m in Sources */,
				9C279E6B1F98760F00FBCC96 /* ZZRootTBVC.m in Sources */,
				9C07BFFC1F99965800255CA8 /* ZZSignView.m in Sources */,
				9C529EF11F99DAB8009457E8 /* ZZFlipAnimatoinViewController.m in Sources */,
				9C07BFEE1F998AEF00255CA8 /* ZZSignInHeaderIV.m in Sources */,
				9C279E621F9875BD00FBCC96 /* ZZBaseTableViewController.m in Sources */,
				9C529EFA1F99F819009457E8 /* ZZTFViewController.m in Sources */,
				9C279E751F9888BB00FBCC96 /* ZZFundRecordVC.m in Sources */,
				9C279E781F9889F100FBCC96 /* ZZFundHeaderView.m in Sources */,
				9C279E451F986E8500FBCC96 /* AppDelegate.m in Sources */,
				9C279E6E1F9880D100FBCC96 /* ZZTableVC.m in Sources */,
				9C279E651F9875CD00FBCC96 /* ZZBaseViewController.m in Sources */,
			);
			runOnlyForDeploymentPostprocessing = 0;
		};
/* End PBXSourcesBuildPhase section */

/* Begin PBXVariantGroup section */
		9C279E491F986E8500FBCC96 /* Main.storyboard */ = {
			isa = PBXVariantGroup;
			children = (
				9C279E4A1F986E8500FBCC96 /* Base */,
			);
			name = Main.storyboard;
			sourceTree = "<group>";
		};
		9C279E4E1F986E8500FBCC96 /* LaunchScreen.storyboard */ = {
			isa = PBXVariantGroup;
			children = (
				9C279E4F1F986E8500FBCC96 /* Base */,
			);
			name = LaunchScreen.storyboard;
			sourceTree = "<group>";
		};
/* End PBXVariantGroup section */

/* Begin XCBuildConfiguration section */
		9C279E541F986E8500FBCC96 /* Debug */ = {
			isa = XCBuildConfiguration;
			buildSettings = {
				ALWAYS_SEARCH_USER_PATHS = NO;
				CLANG_ANALYZER_NONNULL = YES;
				CLANG_ANALYZER_NUMBER_OBJECT_CONVERSION = YES_AGGRESSIVE;
				CLANG_CXX_LANGUAGE_STANDARD = "gnu++14";
				CLANG_CXX_LIBRARY = "libc++";
				CLANG_ENABLE_MODULES = YES;
				CLANG_ENABLE_OBJC_ARC = YES;
				CLANG_WARN_BLOCK_CAPTURE_AUTORELEASING = YES;
				CLANG_WARN_BOOL_CONVERSION = YES;
				CLANG_WARN_COMMA = YES;
				CLANG_WARN_CONSTANT_CONVERSION = YES;
				CLANG_WARN_DIRECT_OBJC_ISA_USAGE = YES_ERROR;
				CLANG_WARN_DOCUMENTATION_COMMENTS = YES;
				CLANG_WARN_EMPTY_BODY = YES;
				CLANG_WARN_ENUM_CONVERSION = YES;
				CLANG_WARN_INFINITE_RECURSION = YES;
				CLANG_WARN_INT_CONVERSION = YES;
				CLANG_WARN_NON_LITERAL_NULL_CONVERSION = YES;
				CLANG_WARN_OBJC_LITERAL_CONVERSION = YES;
				CLANG_WARN_OBJC_ROOT_CLASS = YES_ERROR;
				CLANG_WARN_RANGE_LOOP_ANALYSIS = YES;
				CLANG_WARN_STRICT_PROTOTYPES = YES;
				CLANG_WARN_SUSPICIOUS_MOVE = YES;
				CLANG_WARN_UNGUARDED_AVAILABILITY = YES_AGGRESSIVE;
				CLANG_WARN_UNREACHABLE_CODE = YES;
				CLANG_WARN__DUPLICATE_METHOD_MATCH = YES;
				CODE_SIGN_IDENTITY = "iPhone Developer";
				COPY_PHASE_STRIP = NO;
				DEBUG_INFORMATION_FORMAT = dwarf;
				ENABLE_STRICT_OBJC_MSGSEND = YES;
				ENABLE_TESTABILITY = YES;
				GCC_C_LANGUAGE_STANDARD = gnu11;
				GCC_DYNAMIC_NO_PIC = NO;
				GCC_NO_COMMON_BLOCKS = YES;
				GCC_OPTIMIZATION_LEVEL = 0;
				GCC_PREPROCESSOR_DEFINITIONS = (
					"DEBUG=1",
					"$(inherited)",
				);
				GCC_WARN_64_TO_32_BIT_CONVERSION = YES;
				GCC_WARN_ABOUT_RETURN_TYPE = YES_ERROR;
				GCC_WARN_UNDECLARED_SELECTOR = YES;
				GCC_WARN_UNINITIALIZED_AUTOS = YES_AGGRESSIVE;
				GCC_WARN_UNUSED_FUNCTION = YES;
				GCC_WARN_UNUSED_VARIABLE = YES;
				IPHONEOS_DEPLOYMENT_TARGET = 11.0;
				MTL_ENABLE_DEBUG_INFO = YES;
				ONLY_ACTIVE_ARCH = YES;
				SDKROOT = iphoneos;
			};
			name = Debug;
		};
		9C279E551F986E8500FBCC96 /* Release */ = {
			isa = XCBuildConfiguration;
			buildSettings = {
				ALWAYS_SEARCH_USER_PATHS = NO;
				CLANG_ANALYZER_NONNULL = YES;
				CLANG_ANALYZER_NUMBER_OBJECT_CONVERSION = YES_AGGRESSIVE;
				CLANG_CXX_LANGUAGE_STANDARD = "gnu++14";
				CLANG_CXX_LIBRARY = "libc++";
				CLANG_ENABLE_MODULES = YES;
				CLANG_ENABLE_OBJC_ARC = YES;
				CLANG_WARN_BLOCK_CAPTURE_AUTORELEASING = YES;
				CLANG_WARN_BOOL_CONVERSION = YES;
				CLANG_WARN_COMMA = YES;
				CLANG_WARN_CONSTANT_CONVERSION = YES;
				CLANG_WARN_DIRECT_OBJC_ISA_USAGE = YES_ERROR;
				CLANG_WARN_DOCUMENTATION_COMMENTS = YES;
				CLANG_WARN_EMPTY_BODY = YES;
				CLANG_WARN_ENUM_CONVERSION = YES;
				CLANG_WARN_INFINITE_RECURSION = YES;
				CLANG_WARN_INT_CONVERSION = YES;
				CLANG_WARN_NON_LITERAL_NULL_CONVERSION = YES;
				CLANG_WARN_OBJC_LITERAL_CONVERSION = YES;
				CLANG_WARN_OBJC_ROOT_CLASS = YES_ERROR;
				CLANG_WARN_RANGE_LOOP_ANALYSIS = YES;
				CLANG_WARN_STRICT_PROTOTYPES = YES;
				CLANG_WARN_SUSPICIOUS_MOVE = YES;
				CLANG_WARN_UNGUARDED_AVAILABILITY = YES_AGGRESSIVE;
				CLANG_WARN_UNREACHABLE_CODE = YES;
				CLANG_WARN__DUPLICATE_METHOD_MATCH = YES;
				CODE_SIGN_IDENTITY = "iPhone Developer";
				COPY_PHASE_STRIP = NO;
				DEBUG_INFORMATION_FORMAT = "dwarf-with-dsym";
				ENABLE_NS_ASSERTIONS = NO;
				ENABLE_STRICT_OBJC_MSGSEND = YES;
				GCC_C_LANGUAGE_STANDARD = gnu11;
				GCC_NO_COMMON_BLOCKS = YES;
				GCC_WARN_64_TO_32_BIT_CONVERSION = YES;
				GCC_WARN_ABOUT_RETURN_TYPE = YES_ERROR;
				GCC_WARN_UNDECLARED_SELECTOR = YES;
				GCC_WARN_UNINITIALIZED_AUTOS = YES_AGGRESSIVE;
				GCC_WARN_UNUSED_FUNCTION = YES;
				GCC_WARN_UNUSED_VARIABLE = YES;
				IPHONEOS_DEPLOYMENT_TARGET = 11.0;
				MTL_ENABLE_DEBUG_INFO = NO;
				SDKROOT = iphoneos;
				VALIDATE_PRODUCT = YES;
			};
			name = Release;
		};
		9C279E571F986E8500FBCC96 /* Debug */ = {
			isa = XCBuildConfiguration;
			baseConfigurationReference = 59D1BB169CE6014CB949A3E1 /* Pods-ZhiZaiDemo.debug.xcconfig */;
			buildSettings = {
				ASSETCATALOG_COMPILER_APPICON_NAME = AppIcon;
				CODE_SIGN_STYLE = Automatic;
				DEVELOPMENT_TEAM = QNT5U38WA2;
				GCC_PRECOMPILE_PREFIX_HEADER = YES;
				GCC_PREFIX_HEADER = "${SRCROOT}/${PROJECT_NAME}/Sources/${PROJECT_NAME}.pch";
				INFOPLIST_FILE = ZhiZaiDemo/Info.plist;
				IPHONEOS_DEPLOYMENT_TARGET = 8.2;
				LD_RUNPATH_SEARCH_PATHS = "$(inherited) @executable_path/Frameworks";
				PRODUCT_BUNDLE_IDENTIFIER = com.captain.ZhiZaiDemo;
				PRODUCT_NAME = "$(TARGET_NAME)";
				TARGETED_DEVICE_FAMILY = "1,2";
			};
			name = Debug;
		};
		9C279E581F986E8500FBCC96 /* Release */ = {
			isa = XCBuildConfiguration;
			baseConfigurationReference = E62C7B2C083A0BF02CA5BF00 /* Pods-ZhiZaiDemo.release.xcconfig */;
			buildSettings = {
				ASSETCATALOG_COMPILER_APPICON_NAME = AppIcon;
				CODE_SIGN_STYLE = Automatic;
				DEVELOPMENT_TEAM = QNT5U38WA2;
				GCC_PRECOMPILE_PREFIX_HEADER = YES;
				GCC_PREFIX_HEADER = "${SRCROOT}/${PROJECT_NAME}/Sources/${PROJECT_NAME}.pch";
				INFOPLIST_FILE = ZhiZaiDemo/Info.plist;
				IPHONEOS_DEPLOYMENT_TARGET = 8.2;
				LD_RUNPATH_SEARCH_PATHS = "$(inherited) @executable_path/Frameworks";
				PRODUCT_BUNDLE_IDENTIFIER = com.captain.ZhiZaiDemo;
				PRODUCT_NAME = "$(TARGET_NAME)";
				TARGETED_DEVICE_FAMILY = "1,2";
			};
			name = Release;
		};
/* End XCBuildConfiguration section */

/* Begin XCConfigurationList section */
		9C279E3B1F986E8500FBCC96 /* Build configuration list for PBXProject "ZhiZaiDemo" */ = {
			isa = XCConfigurationList;
			buildConfigurations = (
				9C279E541F986E8500FBCC96 /* Debug */,
				9C279E551F986E8500FBCC96 /* Release */,
			);
			defaultConfigurationIsVisible = 0;
			defaultConfigurationName = Release;
		};
		9C279E561F986E8500FBCC96 /* Build configuration list for PBXNativeTarget "ZhiZaiDemo" */ = {
			isa = XCConfigurationList;
			buildConfigurations = (
				9C279E571F986E8500FBCC96 /* Debug */,
				9C279E581F986E8500FBCC96 /* Release */,
			);
			defaultConfigurationIsVisible = 0;
			defaultConfigurationName = Release;
		};
/* End XCConfigurationList section */
	};
	rootObject = 9C279E381F986E8500FBCC96 /* Project object */;
}
